<?xml version="1.0" encoding="utf-8"?>
<Project ToolsVersion="4.0" xmlns="http://schemas.microsoft.com/developer/msbuild/2003">
  <ItemGroup>
    <Filter Include="Source Files">
      <UniqueIdentifier>{4FC737F1-C7A5-4376-A066-2A32D752A2FF}</UniqueIdentifier>
      <Extensions>cpp;c;cc;cxx;def;odl;idl;hpj;bat;asm;asmx</Extensions>
    </Filter>
    <Filter Include="Header Files">
      <UniqueIdentifier>{93995380-89BD-4b04-88EB-625FBE52EBFB}</UniqueIdentifier>
      <Extensions>h;hpp;hxx;hm;inl;inc;xsd</Extensions>
    </Filter>
    <Filter Include="Resource Files">
      <UniqueIdentifier>{67DA6AB6-F800-4c08-8B7A-83BB121AAD01}</UniqueIdentifier>
      <Extensions>rc;ico;cur;bmp;dlg;rc2;rct;bin;rgs;gif;jpg;jpeg;jpe;resx;tiff;tif;png;wav</Extensions>
    </Filter>
  </ItemGroup>
  <ItemGroup>
    <ClCompile Include=".sconf_temp\conftest_0.cpp">
      <Filter>Source Files</Filter>
    </ClCompile>
    <ClCompile Include=".sconf_temp\conftest_1.cpp">
      <Filter>Source Files</Filter>
    </ClCompile>
    <ClCompile Include=".sconf_temp\conftest_2.c">
      <Filter>Source Files</Filter>
    </ClCompile>
    <ClCompile Include="examples\get.cpp">
      <Filter>Source Files</Filter>
    </ClCompile>
    <ClCompile Include="examples\hpget.cpp">
      <Filter>Source Files</Filter>
    </ClCompile>
    <ClCompile Include="examples\hpput.cpp">
      <Filter>Source Files</Filter>
    </ClCompile>
    <ClCompile Include="examples\put.cpp">
      <Filter>Source Files</Filter>
    </ClCompile>
    <ClCompile Include="examples\simplebspcomputation.cpp">
      <Filter>Source Files</Filter>
    </ClCompile>
    <ClCompile Include="examples\benchmark\bench.cpp">
      <Filter>Source Files</Filter>
    </ClCompile>
    <ClCompile Include="examples\benchmark\benchmark.cpp">
      <Filter>Source Files</Filter>
    </ClCompile>
    <ClCompile Include="examples\benchmark\bench_g.cpp">
      <Filter>Source Files</Filter>
    </ClCompile>
    <ClCompile Include="examples\benchmark\bench_l.cpp">
      <Filter>Source Files</Filter>
    </ClCompile>
    <ClCompile Include="examples\benchmark\bench_r.cpp">
      <Filter>Source Files</Filter>
    </ClCompile>
    <ClCompile Include="examples\bspedupack\bspbench.c">
      <Filter>Source Files</Filter>
    </ClCompile>
    <ClCompile Include="examples\bspedupack\bspedupack.c">
      <Filter>Source Files</Filter>
    </ClCompile>
    <ClCompile Include="examples\bspedupack\bspfft.c">
      <Filter>Source Files</Filter>
    </ClCompile>
    <ClCompile Include="examples\bspedupack\bspfft_test.c">
      <Filter>Source Files</Filter>
    </ClCompile>
    <ClCompile Include="examples\bspedupack\bspinprod.c">
      <Filter>Source Files</Filter>
    </ClCompile>
    <ClCompile Include="examples\bspedupack\bsplu.c">
      <Filter>Source Files</Filter>
    </ClCompile>
    <ClCompile Include="examples\bspedupack\bsplu_test.c">
      <Filter>Source Files</Filter>
    </ClCompile>
    <ClCompile Include="examples\bspedupack\bspmv.c">
      <Filter>Source Files</Filter>
    </ClCompile>
    <ClCompile Include="examples\bspedupack\bspmv_test.c">
      <Filter>Source Files</Filter>
    </ClCompile>
    <ClCompile Include="examples\bspedupack++\bspbench.cpp">
      <Filter>Source Files</Filter>
    </ClCompile>
    <ClCompile Include="examples\mpiedupack\mpibench.c">
      <Filter>Source Files</Filter>
    </ClCompile>
    <ClCompile Include="examples\mpiedupack\mpiedupack.c">
      <Filter>Source Files</Filter>
    </ClCompile>
    <ClCompile Include="examples\mpiedupack\mpifft.c">
      <Filter>Source Files</Filter>
    </ClCompile>
    <ClCompile Include="examples\mpiedupack\mpifft_test.c">
      <Filter>Source Files</Filter>
    </ClCompile>
    <ClCompile Include="examples\mpiedupack\mpiinprod.c">
      <Filter>Source Files</Filter>
    </ClCompile>
    <ClCompile Include="examples\mpiedupack\mpilu.c">
      <Filter>Source Files</Filter>
    </ClCompile>
    <ClCompile Include="examples\mpiedupack\mpilu_test.c">
      <Filter>Source Files</Filter>
    </ClCompile>
    <ClCompile Include="examples\mpiedupack\mpimv.c">
      <Filter>Source Files</Filter>
    </ClCompile>
    <ClCompile Include="examples\mpiedupack\mpimv_test.c">
      <Filter>Source Files</Filter>
    </ClCompile>
    <ClCompile Include="src\bspx.c">
      <Filter>Source Files</Filter>
    </ClCompile>
    <ClCompile Include="src\bsp_abort.c">
      <Filter>Source Files</Filter>
    </ClCompile>
    <ClCompile Include="src\bsp_comm_mpi.c">
      <Filter>Source Files</Filter>
    </ClCompile>
    <ClCompile Include="src\bsp_comm_seq.c">
      <Filter>Source Files</Filter>
    </ClCompile>
    <ClCompile Include="src\bsp_delivtable.c">
      <Filter>Source Files</Filter>
    </ClCompile>
    <ClCompile Include="src\bsp_exptable.c">
      <Filter>Source Files</Filter>
    </ClCompile>
    <ClCompile Include="src\bsp_global_drma.c">
      <Filter>Source Files</Filter>
    </ClCompile>
    <ClCompile Include="src\bsp_memreg.c">
      <Filter>Source Files</Filter>
    </ClCompile>
    <ClCompile Include="src\bsp_mutex.c">
      <Filter>Source Files</Filter>
    </ClCompile>
    <ClCompile Include="src\bsp_reqtable.c">
      <Filter>Source Files</Filter>
    </ClCompile>
    <ClCompile Include="src\bsp_time.c">
      <Filter>Source Files</Filter>
    </ClCompile>
    <ClCompile Include="src\bsp_www.c">
      <Filter>Source Files</Filter>
    </ClCompile>
    <ClCompile Include="src\bsp_cpp\bsp_commandline.cpp">
      <Filter>Source Files</Filter>
    </ClCompile>
    <ClCompile Include="src\bsp_cpp\bsp_context.cpp">
      <Filter>Source Files</Filter>
    </ClCompile>
    <ClCompile Include="src\bsp_cpp\bsp_contextimpl.cpp">
      <Filter>Source Files</Filter>
    </ClCompile>
    <ClCompile Include="src\bsp_cpp\bsp_contextimpl_memreg.cpp">
      <Filter>Source Files</Filter>
    </ClCompile>
    <ClCompile Include="src\bsp_cpp\bsp_context_ts.cpp">
      <Filter>Source Files</Filter>
    </ClCompile>
    <ClCompile Include="src\bsp_cpp\bsp_sharedvariableset.cpp">
      <Filter>Source Files</Filter>
    </ClCompile>
    <ClCompile Include="tests\bsp_test_cpp_collectives.cpp">
      <Filter>Source Files</Filter>
    </ClCompile>
    <ClCompile Include="tests\bsp_test_ops.cpp">
      <Filter>Source Files</Filter>
    </ClCompile>
    <ClCompile Include="tests\bsp_test_sharedvars.cpp">
      <Filter>Source Files</Filter>
    </ClCompile>
    <ClCompile Include="tests\bsp_test_shared_array.cpp">
      <Filter>Source Files</Filter>
    </ClCompile>
    <ClCompile Include="tests\bsp_test.c">
      <Filter>Source Files</Filter>
    </ClCompile>
    <ClCompile Include="tests\bsp_test_collectives.c">
      <Filter>Source Files</Filter>
    </ClCompile>
    <ClCompile Include="tests\bsp_test_delivtable.c">
      <Filter>Source Files</Filter>
    </ClCompile>
    <ClCompile Include="tests\bsp_test_exptable.c">
      <Filter>Source Files</Filter>
    </ClCompile>
    <ClCompile Include="tests\bsp_test_fixtable.c">
      <Filter>Source Files</Filter>
    </ClCompile>
    <ClCompile Include="tests\bsp_test_get.c">
      <Filter>Source Files</Filter>
    </ClCompile>
    <ClCompile Include="tests\bsp_test_global_drma.c">
      <Filter>Source Files</Filter>
    </ClCompile>
    <ClCompile Include="tests\bsp_test_memreg.c">
      <Filter>Source Files</Filter>
    </ClCompile>
    <ClCompile Include="tests\bsp_test_put.c">
      <Filter>Source Files</Filter>
    </ClCompile>
    <ClCompile Include="tests\bsp_test_reqtable.c">
      <Filter>Source Files</Filter>
    </ClCompile>
    <ClCompile Include="tests\bsp_test_send.c">
      <Filter>Source Files</Filter>
    </ClCompile>
  </ItemGroup>
  <ItemGroup>
    <ClInclude Include="examples\benchmark\benchmark.h">
      <Filter>Header Files</Filter>
    </ClInclude>
    <ClInclude Include="examples\benchmark\benchmarkdata.h">
      <Filter>Header Files</Filter>
    </ClInclude>
    <ClInclude Include="examples\benchmark\benchmarkfactory.h">
      <Filter>Header Files</Filter>
    </ClInclude>
    <ClInclude Include="examples\benchmark\bench_r.h">
      <Filter>Header Files</Filter>
    </ClInclude>
    <ClInclude Include="examples\bspedupack\bspedupack.h">
      <Filter>Header Files</Filter>
    </ClInclude>
    <ClInclude Include="examples\mpiedupack\mpiedupack.h">
      <Filter>Header Files</Filter>
    </ClInclude>
    <ClInclude Include="include\bsp.h">
      <Filter>Header Files</Filter>
    </ClInclude>
    <ClInclude Include="include\bsp_abort.h">
      <Filter>Header Files</Filter>
    </ClInclude>
    <ClInclude Include="include\bsp_alloc.h">
      <Filter>Header Files</Filter>
    </ClInclude>
    <ClInclude Include="include\bsp_broadcast.h">
      <Filter>Header Files</Filter>
    </ClInclude>
    <ClInclude Include="include\bsp_config.h">
      <Filter>Header Files</Filter>
    </ClInclude>
    <ClInclude Include="include\bsp_fold.h">
      <Filter>Header Files</Filter>
    </ClInclude>
    <ClInclude Include="include\bsp_level1.h">
      <Filter>Header Files</Filter>
    </ClInclude>
    <ClInclude Include="include\bsp_cpp\bsp_commandline.h">
      <Filter>Header Files</Filter>
    </ClInclude>
    <ClInclude Include="include\bsp_cpp\bsp_cpp.h">
      <Filter>Header Files</Filter>
    </ClInclude>
    <ClInclude Include="include\bsp_cpp\Context.h">
      <Filter>Header Files</Filter>
    </ClInclude>
    <ClInclude Include="include\bsp_cpp\Runner.h">
      <Filter>Header Files</Filter>
    </ClInclude>
    <ClInclude Include="include\bsp_cpp\TaskMapper.h">
      <Filter>Header Files</Filter>
    </ClInclude>
    <ClInclude Include="include\bsp_cpp\shared\Reducers.h">
      <Filter>Header Files</Filter>
    </ClInclude>
    <ClInclude Include="include\bsp_cpp\shared\Shared.h">
      <Filter>Header Files</Filter>
    </ClInclude>
    <ClInclude Include="include\bsp_cpp\shared\SharedArray.h">
      <Filter>Header Files</Filter>
    </ClInclude>
    <ClInclude Include="include\bsp_cpp\shared\SharedSerialization.h">
      <Filter>Header Files</Filter>
    </ClInclude>
    <ClInclude Include="include\bsp_cpp\shared\SharedVariable.h">
      <Filter>Header Files</Filter>
    </ClInclude>
    <ClInclude Include="include\bsp_cpp\shared\SharedVariableSet.h">
      <Filter>Header Files</Filter>
    </ClInclude>
    <ClInclude Include="include\bsp_tools\aligned_allocator.h">
      <Filter>Header Files</Filter>
    </ClInclude>
    <ClInclude Include="include\bsp_tools\aligned_malloc.h">
      <Filter>Header Files</Filter>
    </ClInclude>
    <ClInclude Include="include\bsp_tools\Avector.h">
      <Filter>Header Files</Filter>
    </ClInclude>
    <ClInclude Include="include\bsp_tools\MessageBuffer.h">
      <Filter>Header Files</Filter>
    </ClInclude>
    <ClInclude Include="include\bsp_tools\spawn.h">
      <Filter>Header Files</Filter>
    </ClInclude>
    <ClInclude Include="include\bsp_tools\utilities.h">
      <Filter>Header Files</Filter>
    </ClInclude>
    <ClInclude Include="include\helpers\cblas.h">
      <Filter>Header Files</Filter>
    </ClInclude>
    <ClInclude Include="src\bspx.h">
      <Filter>Header Files</Filter>
    </ClInclude>
    <ClInclude Include="src\bspx_comm.h">
      <Filter>Header Files</Filter>
    </ClInclude>
    <ClInclude Include="src\bspx_comm_mpi.h">
      <Filter>Header Files</Filter>
    </ClInclude>
    <ClInclude Include="src\bspx_comm_seq.h">
      <Filter>Header Files</Filter>
    </ClInclude>
    <ClInclude Include="src\bsp_delivtable.h">
      <Filter>Header Files</Filter>
    </ClInclude>
    <ClInclude Include="src\bsp_exptable.h">
      <Filter>Header Files</Filter>
    </ClInclude>
    <ClInclude Include="src\bsp_memreg.h">
      <Filter>Header Files</Filter>
    </ClInclude>
    <ClInclude Include="src\bsp_mesgqueue.h">
      <Filter>Header Files</Filter>
    </ClInclude>
    <ClInclude Include="src\bsp_private.h">
      <Filter>Header Files</Filter>
    </ClInclude>
    <ClInclude Include="src\bsp_reqtable.h">
      <Filter>Header Files</Filter>
    </ClInclude>
    <ClInclude Include="src\bsp_threadsafe.h">
      <Filter>Header Files</Filter>
    </ClInclude>
    <ClInclude Include="src\bsp_cpp\bsp_contextimpl.h">
      <Filter>Header Files</Filter>
    </ClInclude>
    <ClInclude Include="src\bsp_cpp\bsp_context_ts.h">
      <Filter>Header Files</Filter>
    </ClInclude>
    <ClInclude Include="src\bsp_cpp\bsp_localdelivery.h">
      <Filter>Header Files</Filter>
    </ClInclude>
    <ClInclude Include="src\bsp_cpp\HeaderQueue.h">
      <Filter>Header Files</Filter>
    </ClInclude>
    <ClInclude Include="src\bsp_cpp\SerializedDataset.h">
      <Filter>Header Files</Filter>
    </ClInclude>
    <ClInclude Include="tests\bsp_test.h">
      <Filter>Header Files</Filter>
    </ClInclude>
    <ClInclude Include="tests\unittest.h">
      <Filter>Header Files</Filter>
    </ClInclude>
    <ClInclude Include="tests\ops\test_get.h">
      <Filter>Header Files</Filter>
    </ClInclude>
    <ClInclude Include="tests\ops\test_hpget.h">
      <Filter>Header Files</Filter>
    </ClInclude>
    <ClInclude Include="tests\ops\test_hpput.h">
      <Filter>Header Files</Filter>
    </ClInclude>
    <ClInclude Include="tests\ops\test_put.h">
      <Filter>Header Files</Filter>
    </ClInclude>
    <ClInclude Include="tests\ops\test_send.h">
      <Filter>Header Files</Filter>
    </ClInclude>
  </ItemGroup>
  <ItemGroup>
    <None Include="include\bsp_cpp\shared\reduce_numeric.inl">
      <Filter>Header Files</Filter>
    </None>
    <None Include="include\bsp_cpp\shared\reduce_reduceable.inl">
      <Filter>Header Files</Filter>
    </None>
  </ItemGroup>
</Project>